// !$*UTF8*$!
{
	archiveVersion = 1;
	classes = {
	};
	objectVersion = 51;
	objects = {

/* Begin PBXBuildFile section */
		85271F7525E6AE0200F6CBB4 /* ContactsTableViewController.swift in Sources */ = {isa = PBXBuildFile; fileRef = 85271F7425E6AE0200F6CBB4 /* ContactsTableViewController.swift */; };
		85271F7925E6AE4D00F6CBB4 /* ContactTableViewCell.swift in Sources */ = {isa = PBXBuildFile; fileRef = 85271F7825E6AE4D00F6CBB4 /* ContactTableViewCell.swift */; };
		85271F7C25E6B74100F6CBB4 /* Contact.swift in Sources */ = {isa = PBXBuildFile; fileRef = 85271F7B25E6B74100F6CBB4 /* Contact.swift */; };
		85271F7F25E6C96600F6CBB4 /* NewContactViewController.swift in Sources */ = {isa = PBXBuildFile; fileRef = 85271F7E25E6C96600F6CBB4 /* NewContactViewController.swift */; };
		85271F8C25E6DCF200F6CBB4 /* PhotosCollectionViewController.swift in Sources */ = {isa = PBXBuildFile; fileRef = 85271F8B25E6DCF200F6CBB4 /* PhotosCollectionViewController.swift */; };
		85271F8F25E6DD2900F6CBB4 /* PhotoCollectionViewCell.swift in Sources */ = {isa = PBXBuildFile; fileRef = 85271F8E25E6DD2900F6CBB4 /* PhotoCollectionViewCell.swift */; };
		85271F9525E6E81E00F6CBB4 /* PhotosCollectionViewControllerDelegate.swift in Sources */ = {isa = PBXBuildFile; fileRef = 85271F9425E6E81E00F6CBB4 /* PhotosCollectionViewControllerDelegate.swift */; };
		85271FA725E6FDAD00F6CBB4 /* Contact.xcdatamodeld in Sources */ = {isa = PBXBuildFile; fileRef = 85271FA525E6FDAD00F6CBB4 /* Contact.xcdatamodeld */; };
		85271FAB25E6FE1E00F6CBB4 /* Contact+CoreDataProperties.swift in Sources */ = {isa = PBXBuildFile; fileRef = 85271FAA25E6FE1E00F6CBB4 /* Contact+CoreDataProperties.swift */; };
		85271FAC25E6FE1E00F6CBB4 /* Contact+CoreDataClass.swift in Sources */ = {isa = PBXBuildFile; fileRef = 85271FA925E6FE1D00F6CBB4 /* Contact+CoreDataClass.swift */; };
		85BE945C25E6A141000CC2AD /* AppDelegate.swift in Sources */ = {isa = PBXBuildFile; fileRef = 85BE945B25E6A141000CC2AD /* AppDelegate.swift */; };
		85BE945E25E6A141000CC2AD /* SceneDelegate.swift in Sources */ = {isa = PBXBuildFile; fileRef = 85BE945D25E6A141000CC2AD /* SceneDelegate.swift */; };
		85BE946325E6A141000CC2AD /* Main.storyboard in Resources */ = {isa = PBXBuildFile; fileRef = 85BE946125E6A141000CC2AD /* Main.storyboard */; };
		85BE946825E6A141000CC2AD /* Assets.xcassets in Resources */ = {isa = PBXBuildFile; fileRef = 85BE946725E6A141000CC2AD /* Assets.xcassets */; };
		85BE946B25E6A141000CC2AD /* LaunchScreen.storyboard in Resources */ = {isa = PBXBuildFile; fileRef = 85BE946925E6A141000CC2AD /* LaunchScreen.storyboard */; };
		8B740964B6E629FA26667EB8 /* Pods_Contact_Creation.framework in Frameworks */ = {isa = PBXBuildFile; fileRef = F3EF8047B56DD1206852678B /* Pods_Contact_Creation.framework */; };
/* End PBXBuildFile section */

/* Begin PBXFileReference section */
		4D6F608170E8F029B00FC817 /* Pods-Contact Creation.debug.xcconfig */ = {isa = PBXFileReference; includeInIndex = 1; lastKnownFileType = text.xcconfig; name = "Pods-Contact Creation.debug.xcconfig"; path = "Target Support Files/Pods-Contact Creation/Pods-Contact Creation.debug.xcconfig"; sourceTree = "<group>"; };
		6CFC5B85A7B5AE5C8B73DCD5 /* Pods-Contact Creation.release.xcconfig */ = {isa = PBXFileReference; includeInIndex = 1; lastKnownFileType = text.xcconfig; name = "Pods-Contact Creation.release.xcconfig"; path = "Target Support Files/Pods-Contact Creation/Pods-Contact Creation.release.xcconfig"; sourceTree = "<group>"; };
		85271F7425E6AE0200F6CBB4 /* ContactsTableViewController.swift */ = {isa = PBXFileReference; lastKnownFileType = sourcecode.swift; path = ContactsTableViewController.swift; sourceTree = "<group>"; };
		85271F7825E6AE4D00F6CBB4 /* ContactTableViewCell.swift */ = {isa = PBXFileReference; lastKnownFileType = sourcecode.swift; path = ContactTableViewCell.swift; sourceTree = "<group>"; };
		85271F7B25E6B74100F6CBB4 /* Contact.swift */ = {isa = PBXFileReference; lastKnownFileType = sourcecode.swift; path = Contact.swift; sourceTree = "<group>"; };
		85271F7E25E6C96600F6CBB4 /* NewContactViewController.swift */ = {isa = PBXFileReference; lastKnownFileType = sourcecode.swift; path = NewContactViewController.swift; sourceTree = "<group>"; };
		85271F8B25E6DCF200F6CBB4 /* PhotosCollectionViewController.swift */ = {isa = PBXFileReference; lastKnownFileType = sourcecode.swift; path = PhotosCollectionViewController.swift; sourceTree = "<group>"; };
		85271F8E25E6DD2900F6CBB4 /* PhotoCollectionViewCell.swift */ = {isa = PBXFileReference; lastKnownFileType = sourcecode.swift; path = PhotoCollectionViewCell.swift; sourceTree = "<group>"; };
		85271F9425E6E81E00F6CBB4 /* PhotosCollectionViewControllerDelegate.swift */ = {isa = PBXFileReference; lastKnownFileType = sourcecode.swift; path = PhotosCollectionViewControllerDelegate.swift; sourceTree = "<group>"; };
		85271FA625E6FDAD00F6CBB4 /* Contact.xcdatamodel */ = {isa = PBXFileReference; lastKnownFileType = wrapper.xcdatamodel; path = Contact.xcdatamodel; sourceTree = "<group>"; };
		85271FA925E6FE1D00F6CBB4 /* Contact+CoreDataClass.swift */ = {isa = PBXFileReference; lastKnownFileType = sourcecode.swift; name = "Contact+CoreDataClass.swift"; path = "/Users/hiroshimelendez/Developer/Xcode/contact-creation/Contact Creation/Contact+CoreDataClass.swift"; sourceTree = "<absolute>"; };
		85271FAA25E6FE1E00F6CBB4 /* Contact+CoreDataProperties.swift */ = {isa = PBXFileReference; lastKnownFileType = sourcecode.swift; name = "Contact+CoreDataProperties.swift"; path = "/Users/hiroshimelendez/Developer/Xcode/contact-creation/Contact Creation/Contact+CoreDataProperties.swift"; sourceTree = "<absolute>"; };
		85BE945825E6A141000CC2AD /* Contact Creation.app */ = {isa = PBXFileReference; explicitFileType = wrapper.application; includeInIndex = 0; path = "Contact Creation.app"; sourceTree = BUILT_PRODUCTS_DIR; };
		85BE945B25E6A141000CC2AD /* AppDelegate.swift */ = {isa = PBXFileReference; lastKnownFileType = sourcecode.swift; path = AppDelegate.swift; sourceTree = "<group>"; };
		85BE945D25E6A141000CC2AD /* SceneDelegate.swift */ = {isa = PBXFileReference; lastKnownFileType = sourcecode.swift; path = SceneDelegate.swift; sourceTree = "<group>"; };
		85BE946225E6A141000CC2AD /* Base */ = {isa = PBXFileReference; lastKnownFileType = file.storyboard; name = Base; path = Base.lproj/Main.storyboard; sourceTree = "<group>"; };
		85BE946725E6A141000CC2AD /* Assets.xcassets */ = {isa = PBXFileReference; lastKnownFileType = folder.assetcatalog; path = Assets.xcassets; sourceTree = "<group>"; };
		85BE946A25E6A141000CC2AD /* Base */ = {isa = PBXFileReference; lastKnownFileType = file.storyboard; name = Base; path = Base.lproj/LaunchScreen.storyboard; sourceTree = "<group>"; };
		85BE946C25E6A141000CC2AD /* Info.plist */ = {isa = PBXFileReference; lastKnownFileType = text.plist.xml; path = Info.plist; sourceTree = "<group>"; };
		F3EF8047B56DD1206852678B /* Pods_Contact_Creation.framework */ = {isa = PBXFileReference; explicitFileType = wrapper.framework; includeInIndex = 0; path = Pods_Contact_Creation.framework; sourceTree = BUILT_PRODUCTS_DIR; };
/* End PBXFileReference section */

/* Begin PBXFrameworksBuildPhase section */
		85BE945525E6A141000CC2AD /* Frameworks */ = {
			isa = PBXFrameworksBuildPhase;
			buildActionMask = 2147483647;
			files = (
				8B740964B6E629FA26667EB8 /* Pods_Contact_Creation.framework in Frameworks */,
			);
			runOnlyForDeploymentPostprocessing = 0;
		};
/* End PBXFrameworksBuildPhase section */

/* Begin PBXGroup section */
		14C06387C0DBE8B99E6A8796 /* Frameworks */ = {
			isa = PBXGroup;
			children = (
				F3EF8047B56DD1206852678B /* Pods_Contact_Creation.framework */,
			);
			name = Frameworks;
			sourceTree = "<group>";
		};
		85271F9125E6DD4400F6CBB4 /* Cells */ = {
			isa = PBXGroup;
			children = (
				85271F7825E6AE4D00F6CBB4 /* ContactTableViewCell.swift */,
				85271F8E25E6DD2900F6CBB4 /* PhotoCollectionViewCell.swift */,
			);
			path = Cells;
			sourceTree = "<group>";
		};
		85271FAF25E6FE2300F6CBB4 /* CoreData */ = {
			isa = PBXGroup;
			children = (
				85271FA925E6FE1D00F6CBB4 /* Contact+CoreDataClass.swift */,
				85271FAA25E6FE1E00F6CBB4 /* Contact+CoreDataProperties.swift */,
				85271FA525E6FDAD00F6CBB4 /* Contact.xcdatamodeld */,
			);
			path = CoreData;
			sourceTree = "<group>";
		};
		85BE944F25E6A141000CC2AD = {
			isa = PBXGroup;
			children = (
				85BE945A25E6A141000CC2AD /* Contact Creation */,
				85BE945925E6A141000CC2AD /* Products */,
				F1EFA89D5115EA5A11DD8CA5 /* Pods */,
				14C06387C0DBE8B99E6A8796 /* Frameworks */,
			);
			sourceTree = "<group>";
		};
		85BE945925E6A141000CC2AD /* Products */ = {
			isa = PBXGroup;
			children = (
				85BE945825E6A141000CC2AD /* Contact Creation.app */,
			);
			name = Products;
			sourceTree = "<group>";
		};
		85BE945A25E6A141000CC2AD /* Contact Creation */ = {
			isa = PBXGroup;
			children = (
				85BE945B25E6A141000CC2AD /* AppDelegate.swift */,
				85BE945D25E6A141000CC2AD /* SceneDelegate.swift */,
				85271F7425E6AE0200F6CBB4 /* ContactsTableViewController.swift */,
				85271F7E25E6C96600F6CBB4 /* NewContactViewController.swift */,
				85271F8B25E6DCF200F6CBB4 /* PhotosCollectionViewController.swift */,
				85271F9425E6E81E00F6CBB4 /* PhotosCollectionViewControllerDelegate.swift */,
				85271F7B25E6B74100F6CBB4 /* Contact.swift */,
				85BE946125E6A141000CC2AD /* Main.storyboard */,
				85BE946725E6A141000CC2AD /* Assets.xcassets */,
				85BE946925E6A141000CC2AD /* LaunchScreen.storyboard */,
				85BE946C25E6A141000CC2AD /* Info.plist */,
				85271FAF25E6FE2300F6CBB4 /* CoreData */,
				85271F9125E6DD4400F6CBB4 /* Cells */,
			);
			path = "Contact Creation";
			sourceTree = "<group>";
		};
		F1EFA89D5115EA5A11DD8CA5 /* Pods */ = {
			isa = PBXGroup;
			children = (
				4D6F608170E8F029B00FC817 /* Pods-Contact Creation.debug.xcconfig */,
				6CFC5B85A7B5AE5C8B73DCD5 /* Pods-Contact Creation.release.xcconfig */,
			);
			path = Pods;
			sourceTree = "<group>";
		};
/* End PBXGroup section */

/* Begin PBXNativeTarget section */
		85BE945725E6A141000CC2AD /* Contact Creation */ = {
			isa = PBXNativeTarget;
			buildConfigurationList = 85BE946F25E6A141000CC2AD /* Build configuration list for PBXNativeTarget "Contact Creation" */;
			buildPhases = (
				46ED91B007D3A3AB42C73CFC /* [CP] Check Pods Manifest.lock */,
				85BE945425E6A141000CC2AD /* Sources */,
				85BE945525E6A141000CC2AD /* Frameworks */,
				85BE945625E6A141000CC2AD /* Resources */,
				D1A938A2E86DA4AE144BD9E6 /* [CP] Embed Pods Frameworks */,
			);
			buildRules = (
			);
			dependencies = (
			);
			name = "Contact Creation";
			productName = "Contact Creation";
			productReference = 85BE945825E6A141000CC2AD /* Contact Creation.app */;
			productType = "com.apple.product-type.application";
		};
/* End PBXNativeTarget section */

/* Begin PBXProject section */
		85BE945025E6A141000CC2AD /* Project object */ = {
			isa = PBXProject;
			attributes = {
				LastSwiftUpdateCheck = 1240;
				LastUpgradeCheck = 1240;
				TargetAttributes = {
					85BE945725E6A141000CC2AD = {
						CreatedOnToolsVersion = 12.4;
					};
				};
			};
			buildConfigurationList = 85BE945325E6A141000CC2AD /* Build configuration list for PBXProject "Contact Creation" */;
			compatibilityVersion = "Xcode 9.3";
			developmentRegion = en;
			hasScannedForEncodings = 0;
			knownRegions = (
				en,
				Base,
			);
			mainGroup = 85BE944F25E6A141000CC2AD;
			productRefGroup = 85BE945925E6A141000CC2AD /* Products */;
			projectDirPath = "";
			projectRoot = "";
			targets = (
				85BE945725E6A141000CC2AD /* Contact Creation */,
			);
		};
/* End PBXProject section */

/* Begin PBXResourcesBuildPhase section */
		85BE945625E6A141000CC2AD /* Resources */ = {
			isa = PBXResourcesBuildPhase;
			buildActionMask = 2147483647;
			files = (
				85BE946B25E6A141000CC2AD /* LaunchScreen.storyboard in Resources */,
				85BE946825E6A141000CC2AD /* Assets.xcassets in Resources */,
				85BE946325E6A141000CC2AD /* Main.storyboard in Resources */,
			);
			runOnlyForDeploymentPostprocessing = 0;
		};
/* End PBXResourcesBuildPhase section */

/* Begin PBXShellScriptBuildPhase section */
		46ED91B007D3A3AB42C73CFC /* [CP] Check Pods Manifest.lock */ = {
			isa = PBXShellScriptBuildPhase;
			buildActionMask = 2147483647;
			files = (
			);
			inputFileListPaths = (
			);
			inputPaths = (
				"${PODS_PODFILE_DIR_PATH}/Podfile.lock",
				"${PODS_ROOT}/Manifest.lock",
			);
			name = "[CP] Check Pods Manifest.lock";
			outputFileListPaths = (
			);
			outputPaths = (
				"$(DERIVED_FILE_DIR)/Pods-Contact Creation-checkManifestLockResult.txt",
			);
			runOnlyForDeploymentPostprocessing = 0;
			shellPath = /bin/sh;
			shellScript = "diff \"${PODS_PODFILE_DIR_PATH}/Podfile.lock\" \"${PODS_ROOT}/Manifest.lock\" > /dev/null\nif [ $? != 0 ] ; then\n    # print error to STDERR\n    echo \"error: The sandbox is not in sync with the Podfile.lock. Run 'pod install' or update your CocoaPods installation.\" >&2\n    exit 1\nfi\n# This output is used by Xcode 'outputs' to avoid re-running this script phase.\necho \"SUCCESS\" > \"${SCRIPT_OUTPUT_FILE_0}\"\n";
			showEnvVarsInLog = 0;
		};
		D1A938A2E86DA4AE144BD9E6 /* [CP] Embed Pods Frameworks */ = {
			isa = PBXShellScriptBuildPhase;
			buildActionMask = 2147483647;
			files = (
			);
			inputFileListPaths = (
				"${PODS_ROOT}/Target Support Files/Pods-Contact Creation/Pods-Contact Creation-frameworks-${CONFIGURATION}-input-files.xcfilelist",
			);
			name = "[CP] Embed Pods Frameworks";
			outputFileListPaths = (
				"${PODS_ROOT}/Target Support Files/Pods-Contact Creation/Pods-Contact Creation-frameworks-${CONFIGURATION}-output-files.xcfilelist",
			);
			runOnlyForDeploymentPostprocessing = 0;
			shellPath = /bin/sh;
			shellScript = "\"${PODS_ROOT}/Target Support Files/Pods-Contact Creation/Pods-Contact Creation-frameworks.sh\"\n";
			showEnvVarsInLog = 0;
		};
/* End PBXShellScriptBuildPhase section */

/* Begin PBXSourcesBuildPhase section */
		85BE945425E6A141000CC2AD /* Sources */ = {
			isa = PBXSourcesBuildPhase;
			buildActionMask = 2147483647;
			files = (
				85271F7925E6AE4D00F6CBB4 /* ContactTableViewCell.swift in Sources */,
				85271F8F25E6DD2900F6CBB4 /* PhotoCollectionViewCell.swift in Sources */,
				85271F9525E6E81E00F6CBB4 /* PhotosCollectionViewControllerDelegate.swift in Sources */,
				85BE945C25E6A141000CC2AD /* AppDelegate.swift in Sources */,
				85271F7C25E6B74100F6CBB4 /* Contact.swift in Sources */,
				85271F8C25E6DCF200F6CBB4 /* PhotosCollectionViewController.swift in Sources */,
				85271FAB25E6FE1E00F6CBB4 /* Contact+CoreDataProperties.swift in Sources */,
				85271FA725E6FDAD00F6CBB4 /* Contact.xcdatamodeld in Sources */,
				85271F7525E6AE0200F6CBB4 /* ContactsTableViewController.swift in Sources */,
				85BE945E25E6A141000CC2AD /* SceneDelegate.swift in Sources */,
				85271FAC25E6FE1E00F6CBB4 /* Contact+CoreDataClass.swift in Sources */,
				85271F7F25E6C96600F6CBB4 /* NewContactViewController.swift in Sources */,
			);
			runOnlyForDeploymentPostprocessing = 0;
		};
/* End PBXSourcesBuildPhase section */

/* Begin PBXVariantGroup section */
		85BE946125E6A141000CC2AD /* Main.storyboard */ = {
			isa = PBXVariantGroup;
			children = (
				85BE946225E6A141000CC2AD /* Base */,
			);
			name = Main.storyboard;
			sourceTree = "<group>";
		};
		85BE946925E6A141000CC2AD /* LaunchScreen.storyboard */ = {
			isa = PBXVariantGroup;
			children = (
				85BE946A25E6A141000CC2AD /* Base */,
			);
			name = LaunchScreen.storyboard;
			sourceTree = "<group>";
		};
/* End PBXVariantGroup section */

/* Begin XCBuildConfiguration section */
		85BE946D25E6A141000CC2AD /* Debug */ = {
			isa = XCBuildConfiguration;
			buildSettings = {
				ALWAYS_SEARCH_USER_PATHS = NO;
				CLANG_ANALYZER_NONNULL = YES;
				CLANG_ANALYZER_NUMBER_OBJECT_CONVERSION = YES_AGGRESSIVE;
				CLANG_CXX_LANGUAGE_STANDARD = "gnu++14";
				CLANG_CXX_LIBRARY = "libc++";
				CLANG_ENABLE_MODULES = YES;
				CLANG_ENABLE_OBJC_ARC = YES;
				CLANG_ENABLE_OBJC_WEAK = YES;
				CLANG_WARN_BLOCK_CAPTURE_AUTORELEASING = YES;
				CLANG_WARN_BOOL_CONVERSION = YES;
				CLANG_WARN_COMMA = YES;
				CLANG_WARN_CONSTANT_CONVERSION = YES;
				CLANG_WARN_DEPRECATED_OBJC_IMPLEMENTATIONS = YES;
				CLANG_WARN_DIRECT_OBJC_ISA_USAGE = YES_ERROR;
				CLANG_WARN_DOCUMENTATION_COMMENTS = YES;
				CLANG_WARN_EMPTY_BODY = YES;
				CLANG_WARN_ENUM_CONVERSION = YES;
				CLANG_WARN_INFINITE_RECURSION = YES;
				CLANG_WARN_INT_CONVERSION = YES;
				CLANG_WARN_NON_LITERAL_NULL_CONVERSION = YES;
				CLANG_WARN_OBJC_IMPLICIT_RETAIN_SELF = YES;
				CLANG_WARN_OBJC_LITERAL_CONVERSION = YES;
				CLANG_WARN_OBJC_ROOT_CLASS = YES_ERROR;
				CLANG_WARN_QUOTED_INCLUDE_IN_FRAMEWORK_HEADER = YES;
				CLANG_WARN_RANGE_LOOP_ANALYSIS = YES;
				CLANG_WARN_STRICT_PROTOTYPES = YES;
				CLANG_WARN_SUSPICIOUS_MOVE = YES;
				CLANG_WARN_UNGUARDED_AVAILABILITY = YES_AGGRESSIVE;
				CLANG_WARN_UNREACHABLE_CODE = YES;
				CLANG_WARN__DUPLICATE_METHOD_MATCH = YES;
				COPY_PHASE_STRIP = NO;
				DEBUG_INFORMATION_FORMAT = dwarf;
				ENABLE_STRICT_OBJC_MSGSEND = YES;
				ENABLE_TESTABILITY = YES;
				GCC_C_LANGUAGE_STANDARD = gnu11;
				GCC_DYNAMIC_NO_PIC = NO;
				GCC_NO_COMMON_BLOCKS = YES;
				GCC_OPTIMIZATION_LEVEL = 0;
				GCC_PREPROCESSOR_DEFINITIONS = (
					"DEBUG=1",
					"$(inherited)",
				);
				GCC_WARN_64_TO_32_BIT_CONVERSION = YES;
				GCC_WARN_ABOUT_RETURN_TYPE = YES_ERROR;
				GCC_WARN_UNDECLARED_SELECTOR = YES;
				GCC_WARN_UNINITIALIZED_AUTOS = YES_AGGRESSIVE;
				GCC_WARN_UNUSED_FUNCTION = YES;
				GCC_WARN_UNUSED_VARIABLE = YES;
				IPHONEOS_DEPLOYMENT_TARGET = 13.0;
				MTL_ENABLE_DEBUG_INFO = INCLUDE_SOURCE;
				MTL_FAST_MATH = YES;
				ONLY_ACTIVE_ARCH = YES;
				SDKROOT = iphoneos;
				SWIFT_ACTIVE_COMPILATION_CONDITIONS = DEBUG;
				SWIFT_OPTIMIZATION_LEVEL = "-Onone";
			};
			name = Debug;
		};
		85BE946E25E6A141000CC2AD /* Release */ = {
			isa = XCBuildConfiguration;
			buildSettings = {
				ALWAYS_SEARCH_USER_PATHS = NO;
				CLANG_ANALYZER_NONNULL = YES;
				CLANG_ANALYZER_NUMBER_OBJECT_CONVERSION = YES_AGGRESSIVE;
				CLANG_CXX_LANGUAGE_STANDARD = "gnu++14";
				CLANG_CXX_LIBRARY = "libc++";
				CLANG_ENABLE_MODULES = YES;
				CLANG_ENABLE_OBJC_ARC = YES;
				CLANG_ENABLE_OBJC_WEAK = YES;
				CLANG_WARN_BLOCK_CAPTURE_AUTORELEASING = YES;
				CLANG_WARN_BOOL_CONVERSION = YES;
				CLANG_WARN_COMMA = YES;
				CLANG_WARN_CONSTANT_CONVERSION = YES;
				CLANG_WARN_DEPRECATED_OBJC_IMPLEMENTATIONS = YES;
				CLANG_WARN_DIRECT_OBJC_ISA_USAGE = YES_ERROR;
				CLANG_WARN_DOCUMENTATION_COMMENTS = YES;
				CLANG_WARN_EMPTY_BODY = YES;
				CLANG_WARN_ENUM_CONVERSION = YES;
				CLANG_WARN_INFINITE_RECURSION = YES;
				CLANG_WARN_INT_CONVERSION = YES;
				CLANG_WARN_NON_LITERAL_NULL_CONVERSION = YES;
				CLANG_WARN_OBJC_IMPLICIT_RETAIN_SELF = YES;
				CLANG_WARN_OBJC_LITERAL_CONVERSION = YES;
				CLANG_WARN_OBJC_ROOT_CLASS = YES_ERROR;
				CLANG_WARN_QUOTED_INCLUDE_IN_FRAMEWORK_HEADER = YES;
				CLANG_WARN_RANGE_LOOP_ANALYSIS = YES;
				CLANG_WARN_STRICT_PROTOTYPES = YES;
				CLANG_WARN_SUSPICIOUS_MOVE = YES;
				CLANG_WARN_UNGUARDED_AVAILABILITY = YES_AGGRESSIVE;
				CLANG_WARN_UNREACHABLE_CODE = YES;
				CLANG_WARN__DUPLICATE_METHOD_MATCH = YES;
				COPY_PHASE_STRIP = NO;
				DEBUG_INFORMATION_FORMAT = "dwarf-with-dsym";
				ENABLE_NS_ASSERTIONS = NO;
				ENABLE_STRICT_OBJC_MSGSEND = YES;
				GCC_C_LANGUAGE_STANDARD = gnu11;
				GCC_NO_COMMON_BLOCKS = YES;
				GCC_WARN_64_TO_32_BIT_CONVERSION = YES;
				GCC_WARN_ABOUT_RETURN_TYPE = YES_ERROR;
				GCC_WARN_UNDECLARED_SELECTOR = YES;
				GCC_WARN_UNINITIALIZED_AUTOS = YES_AGGRESSIVE;
				GCC_WARN_UNUSED_FUNCTION = YES;
				GCC_WARN_UNUSED_VARIABLE = YES;
				IPHONEOS_DEPLOYMENT_TARGET = 13.0;
				MTL_ENABLE_DEBUG_INFO = NO;
				MTL_FAST_MATH = YES;
				SDKROOT = iphoneos;
				SWIFT_COMPILATION_MODE = wholemodule;
				SWIFT_OPTIMIZATION_LEVEL = "-O";
				VALIDATE_PRODUCT = YES;
			};
			name = Release;
		};
		85BE947025E6A141000CC2AD /* Debug */ = {
			isa = XCBuildConfiguration;
			baseConfigurationReference = 4D6F608170E8F029B00FC817 /* Pods-Contact Creation.debug.xcconfig */;
			buildSettings = {
				ASSETCATALOG_COMPILER_APPICON_NAME = AppIcon;
				ASSETCATALOG_COMPILER_GLOBAL_ACCENT_COLOR_NAME = AccentColor;
				CODE_SIGN_STYLE = Automatic;
				DEVELOPMENT_TEAM = 5F6MLQDYN2;
				INFOPLIST_FILE = "Contact Creation/Info.plist";
				LD_RUNPATH_SEARCH_PATHS = (
					"$(inherited)",
					"@executable_path/Frameworks",
				);
				PRODUCT_BUNDLE_IDENTIFIER = "Hiroshi.Contact-Creation";
				PRODUCT_NAME = "$(TARGET_NAME)";
				SWIFT_VERSION = 5.0;
				TARGETED_DEVICE_FAMILY = "1,2";
			};
			name = Debug;
		};
		85BE947125E6A141000CC2AD /* Release */ = {
			isa = XCBuildConfiguration;
			baseConfigurationReference = 6CFC5B85A7B5AE5C8B73DCD5 /* Pods-Contact Creation.release.xcconfig */;
			buildSettings = {
				ASSETCATALOG_COMPILER_APPICON_NAME = AppIcon;
				ASSETCATALOG_COMPILER_GLOBAL_ACCENT_COLOR_NAME = AccentColor;
				CODE_SIGN_STYLE = Automatic;
				DEVELOPMENT_TEAM = 5F6MLQDYN2;
				INFOPLIST_FILE = "Contact Creation/Info.plist";
				LD_RUNPATH_SEARCH_PATHS = (
					"$(inherited)",
					"@executable_path/Frameworks",
				);
				PRODUCT_BUNDLE_IDENTIFIER = "Hiroshi.Contact-Creation";
				PRODUCT_NAME = "$(TARGET_NAME)";
				SWIFT_VERSION = 5.0;
				TARGETED_DEVICE_FAMILY = "1,2";
			};
			name = Release;
		};
/* End XCBuildConfiguration section */

/* Begin XCConfigurationList section */
		85BE945325E6A141000CC2AD /* Build configuration list for PBXProject "Contact Creation" */ = {
			isa = XCConfigurationList;
			buildConfigurations = (
				85BE946D25E6A141000CC2AD /* Debug */,
				85BE946E25E6A141000CC2AD /* Release */,
			);
			defaultConfigurationIsVisible = 0;
			defaultConfigurationName = Release;
		};
		85BE946F25E6A141000CC2AD /* Build configuration list for PBXNativeTarget "Contact Creation" */ = {
			isa = XCConfigurationList;
			buildConfigurations = (
				85BE947025E6A141000CC2AD /* Debug */,
				85BE947125E6A141000CC2AD /* Release */,
			);
			defaultConfigurationIsVisible = 0;
			defaultConfigurationName = Release;
		};
/* End XCConfigurationList section */

/* Begin XCVersionGroup section */
		85271FA525E6FDAD00F6CBB4 /* Contact.xcdatamodeld */ = {
			isa = XCVersionGroup;
			children = (
				85271FA625E6FDAD00F6CBB4 /* Contact.xcdatamodel */,
			);
			currentVersion = 85271FA625E6FDAD00F6CBB4 /* Contact.xcdatamodel */;
			path = Contact.xcdatamodeld;
			sourceTree = "<group>";
			versionGroupType = wrapper.xcdatamodel;
		};
/* End XCVersionGroup section */
	};
	rootObject = 85BE945025E6A141000CC2AD /* Project object */;
}
